
Microsoft Visual Studio Solution File, Format Version 12.00
# Visual Studio 15
VisualStudioVersion = 15.0.27703.2047
MinimumVisualStudioVersion = 10.0.40219.1
Project("{FAE04EC0-301F-11D3-BF4B-00C04F79EFBC}") = "vascernNew", "vascernNew\vascernNew.csproj", "{6621992E-38D7-4E41-9493-BB71E198211E}"
EndProject
Global
	GlobalSection(SolutionConfigurationPlatforms) = preSolution
		Debug|Any CPU = Debug|Any CPU
		Release|Any CPU = Release|Any CPU
	EndGlobalSection
	GlobalSection(ProjectConfigurationPlatforms) = postSolution
		{6621992E-38D7-4E41-9493-BB71E198211E}.Debug|Any CPU.ActiveCfg = Debug|Any CPU
		{6621992E-38D7-4E41-9493-BB71E198211E}.Debug|Any CPU.Build.0 = Debug|Any CPU
		{6621992E-38D7-4E41-9493-BB71E198211E}.Release|Any CPU.ActiveCfg = Release|Any CPU
		{6621992E-38D7-4E41-9493-BB71E198211E}.Release|Any CPU.Build.0 = Release|Any CPU
	EndGlobalSection
	GlobalSection(SolutionProperties) = preSolution
		HideSolutionNode = FALSE
	EndGlobalSection
	GlobalSection(ExtensibilityGlobals) = postSolution
		SolutionGuid = {32DA939F-D8A6-4FD6-8F28-923590040CB0}
	EndGlobalSection
EndGlobal
